
Microsoft Visual Studio Solution File, Format Version 12.00
# Visual Studio Version 17
VisualStudioVersion = 17.2.32630.192
MinimumVisualStudioVersion = 10.0.40219.1
Project("{FAE04EC0-301F-11D3-BF4B-00C04F79EFBC}") = "EasyLogging", "EasyLogging\EasyLogging.csproj", "{5F71CFE8-91C3-43FB-8067-E705F2AB5022}"
EndProject
Project("{FAE04EC0-301F-11D3-BF4B-00C04F79EFBC}") = "EasyLoggingLibrary", "EasyLoggingLibrary\EasyLoggingLibrary.csproj", "{6EC19214-3A80-4E88-8574-2485F62E1452}"
EndProject
Global
	GlobalSection(SolutionConfigurationPlatforms) = preSolution
		Debug|Any CPU = Debug|Any CPU
		Release|Any CPU = Release|Any CPU
	EndGlobalSection
	GlobalSection(ProjectConfigurationPlatforms) = postSolution
		{5F71CFE8-91C3-43FB-8067-E705F2AB5022}.Debug|Any CPU.ActiveCfg = Debug|Any CPU
		{5F71CFE8-91C3-43FB-8067-E705F2AB5022}.Debug|Any CPU.Build.0 = Debug|Any CPU
		{5F71CFE8-91C3-43FB-8067-E705F2AB5022}.Release|Any CPU.ActiveCfg = Release|Any CPU
		{5F71CFE8-91C3-43FB-8067-E705F2AB5022}.Release|Any CPU.Build.0 = Release|Any CPU
		{6EC19214-3A80-4E88-8574-2485F62E1452}.Debug|Any CPU.ActiveCfg = Debug|Any CPU
		{6EC19214-3A80-4E88-8574-2485F62E1452}.Debug|Any CPU.Build.0 = Debug|Any CPU
		{6EC19214-3A80-4E88-8574-2485F62E1452}.Release|Any CPU.ActiveCfg = Release|Any CPU
		{6EC19214-3A80-4E88-8574-2485F62E1452}.Release|Any CPU.Build.0 = Release|Any CPU
	EndGlobalSection
	GlobalSection(SolutionProperties) = preSolution
		HideSolutionNode = FALSE
	EndGlobalSection
	GlobalSection(ExtensibilityGlobals) = postSolution
		SolutionGuid = {905B09D9-AC77-4733-A7AE-CA6B32B7487B}
	EndGlobalSection
EndGlobal
